
Microsoft Visual Studio Solution File, Format Version 12.00
# Visual Studio Version 17
VisualStudioVersion = 17.7.34031.279
MinimumVisualStudioVersion = 10.0.40219.1
Project("{FAE04EC0-301F-11D3-BF4B-00C04F79EFBC}") = "theBest", "theBest.csproj", "{689C33B1-5832-4B0B-803E-578DED7B7DBD}"
EndProject
Global
	GlobalSection(SolutionConfigurationPlatforms) = preSolution
		Debug|Any CPU = Debug|Any CPU
		Release|Any CPU = Release|Any CPU
	EndGlobalSection
	GlobalSection(ProjectConfigurationPlatforms) = postSolution
		{689C33B1-5832-4B0B-803E-578DED7B7DBD}.Debug|Any CPU.ActiveCfg = Debug|Any CPU
		{689C33B1-5832-4B0B-803E-578DED7B7DBD}.Debug|Any CPU.Build.0 = Debug|Any CPU
		{689C33B1-5832-4B0B-803E-578DED7B7DBD}.Release|Any CPU.ActiveCfg = Release|Any CPU
		{689C33B1-5832-4B0B-803E-578DED7B7DBD}.Release|Any CPU.Build.0 = Release|Any CPU
	EndGlobalSection
	GlobalSection(SolutionProperties) = preSolution
		HideSolutionNode = FALSE
	EndGlobalSection
	GlobalSection(ExtensibilityGlobals) = postSolution
		SolutionGuid = {E8DA5603-BB14-4406-8FB9-A2B82203FF8A}
	EndGlobalSection
EndGlobal
